
Microsoft Visual Studio Solution File, Format Version 12.00
# Visual Studio 15
VisualStudioVersion = 15.0.28010.2048
MinimumVisualStudioVersion = 10.0.40219.1
Project("{FAE04EC0-301F-11D3-BF4B-00C04F79EFBC}") = "WebAPI.2.ClientAuth", "WebAPI.2.ClientAuth\WebAPI.2.ClientAuth.csproj", "{242C08DD-EB12-4DED-B650-5070E333AA9B}"
EndProject
Global
	GlobalSection(SolutionConfigurationPlatforms) = preSolution
		Debug|Any CPU = Debug|Any CPU
		Release|Any CPU = Release|Any CPU
	EndGlobalSection
	GlobalSection(ProjectConfigurationPlatforms) = postSolution
		{242C08DD-EB12-4DED-B650-5070E333AA9B}.Debug|Any CPU.ActiveCfg = Debug|Any CPU
		{242C08DD-EB12-4DED-B650-5070E333AA9B}.Debug|Any CPU.Build.0 = Debug|Any CPU
		{242C08DD-EB12-4DED-B650-5070E333AA9B}.Release|Any CPU.ActiveCfg = Release|Any CPU
		{242C08DD-EB12-4DED-B650-5070E333AA9B}.Release|Any CPU.Build.0 = Release|Any CPU
	EndGlobalSection
	GlobalSection(SolutionProperties) = preSolution
		HideSolutionNode = FALSE
	EndGlobalSection
	GlobalSection(ExtensibilityGlobals) = postSolution
		SolutionGuid = {6E232C10-5A49-4312-9C6F-51D56DE5322B}
	EndGlobalSection
EndGlobal
